{
  "name": "magic-reactions-chatgpt-template",
  "version": "0.1.0",
  "lockfileVersion": 3,
  "requires": true,
  "packages": {
    "": {
      "name": "magic-reactions-chatgpt-template",
      "version": "0.1.0",
      "dependencies": {
        "@aws-sdk/client-s3": "3.1106.0",
        "@aws-sdk/s3-request-presigner": "3.1106.0",
        "@modelcontextprotocol/ext-apps": "1.7.5",
        "@modelcontextprotocol/sdk": "1.30.0",
        "jose": "6.2.8",
        "pg": "8.16.3",
        "sharp": "0.35.3",
        "zod": "4.4.3"
      },
      "engines": {
        "node": ">=20.9.0"
      }
    },
    "node_modules/@aws-sdk/checksums": {
      "version": "3.1000.26",
      "resolved": "https://registry.npmjs.org/@aws-sdk/checksums/-/checksums-3.1000.26.tgz",
      "integrity": "sha512-CGznePoL+1oWCSzqmkvlYMpWQEZohPR3LntjKXXfVH+oh6Kd8d+yHLkjpiAGwPIHAxFe4OAq3aKfRnv/wqWIyA==",
      "license": "Apache-2.0",
      "dependencies": {
        "@aws-sdk/core": "^3.977.6",
        "@aws-sdk/types": "^3.974.2",
        "@smithy/core": "^3.31.1",
        "@smithy/types": "^4.16.1",
        "tslib": "^2.6.2"
      },
      "engines": {
        "node": ">=20.0.0"
      }
    },
    "node_modules/@aws-sdk/client-s3": {
      "version": "3.1106.0",
      "resolved": "https://registry.npmjs.org/@aws-sdk/client-s3/-/client-s3-3.1106.0.tgz",
      "integrity": "sha512-hUTlnyRRGlVdfvJLL3hCEnMm7CmunSzc/lxFVRX8g1fjJTMUVbyQCfhfMhp7dZ7JBftLU6OYresu3Hje4nvkJw==",
      "license": "Apache-2.0",
      "dependencies": {
        "@aws-sdk/checksums": "^3.1000.26",
        "@aws-sdk/core": "^3.977.6",
        "@aws-sdk/credential-provider-node": "^3.972.78",
        "@aws-sdk/middleware-sdk-s3": "^3.972.72",
        "@aws-sdk/signature-v4-multi-region": "^3.996.43",
        "@aws-sdk/types": "^3.974.2",
        "@smithy/core": "^3.31.1",
        "@smithy/fetch-http-handler": "^5.6.13",
        "@smithy/node-http-handler": "^4.9.13",
        "@smithy/types": "^4.16.1",
        "tslib": "^2.6.2"
      },
      "engines": {
        "node": ">=20.0.0"
      }
    },
    "node_modules/@aws-sdk/core": {
      "version": "3.977.6",
      "resolved": "https://registry.npmjs.org/@aws-sdk/core/-/core-3.977.6.tgz",
      "integrity": "sha512-QiaJV4/zDrB4ZY2mfeSXSzSTc36W16sZXcGz+SPFk0CJ26gziO0cS+4LjJUMAbdeeBOvS0k0Aq1cZpfGdUXxSw==",
      "license": "Apache-2.0",
      "dependencies": {
        "@aws-sdk/types": "^3.974.2",
        "@aws-sdk/xml-builder": "^3.972.37",
        "@aws/lambda-invoke-store": "^0.3.0",
        "@smithy/core": "^3.31.1",
        "@smithy/signature-v4": "^5.6.12",
        "@smithy/types": "^4.16.1",
        "bowser": "^2.11.0",
        "tslib": "^2.6.2"
      },
      "engines": {
        "node": ">=20.0.0"
      }
    },
    "node_modules/@aws-sdk/credential-provider-env": {
      "version": "3.972.67",
      "resolved": "https://registry.npmjs.org/@aws-sdk/credential-provider-env/-/credential-provider-env-3.972.67.tgz",
      "integrity": "sha512-rcIpk5kxUqDaaNa6Xk23pQ6ViY7jlqzmfFWCahQcBT97ddXaXYYwzCen9Tz1Jvo6aJft6wDl5bN44/Jw5B4oLA==",
      "license": "Apache-2.0",
      "dependencies": {
        "@aws-sdk/core": "^3.977.6",
        "@aws-sdk/types": "^3.974.2",
        "@smithy/core": "^3.31.1",
        "@smithy/types": "^4.16.1",
        "tslib": "^2.6.2"
      },
      "engines": {
        "node": ">=20.0.0"
      }
    },
    "node_modules/@aws-sdk/credential-provider-http": {
      "version": "3.972.69",
      "resolved": "https://registry.npmjs.org/@aws-sdk/credential-provider-http/-/credential-provider-http-3.972.69.tgz",
      "integrity": "sha512-nggwJtZ4eeNsUw5IeWBMXsi1ryct5idi0K+/SCRF3kybLubOMaNTb3XCihXpWMiVpyzyPeIrl0zTkzhBH9porA==",
      "license": "Apache-2.0",
      "dependencies": {
        "@aws-sdk/core": "^3.977.6",
        "@aws-sdk/types": "^3.974.2",
        "@smithy/core": "^3.31.1",
        "@smithy/fetch-http-handler": "^5.6.13",
        "@smithy/node-http-handler": "^4.9.13",
        "@smithy/types": "^4.16.1",
        "tslib": "^2.6.2"
      },
      "engines": {
        "node": ">=20.0.0"
      }
    },
    "node_modules/@aws-sdk/credential-provider-ini": {
      "version": "3.973.12",
      "resolved": "https://registry.npmjs.org/@aws-sdk/credential-provider-ini/-/credential-provider-ini-3.973.12.tgz",
      "integrity": "sha512-pNEf/OeyN5X3VmLKlgSO6TqaWmW10CvI3TfwL1XhsuhYjSLT2VDaxFnCPHnOeQXSaFisMX4jNhpETriqN8DOmg==",
      "license": "Apache-2.0",
      "dependencies": {
        "@aws-sdk/core": "^3.977.6",
        "@aws-sdk/credential-provider-env": "^3.972.67",
        "@aws-sdk/credential-provider-http": "^3.972.69",
        "@aws-sdk/credential-provider-login": "^3.972.74",
        "@aws-sdk/credential-provider-process": "^3.972.67",
        "@aws-sdk/credential-provider-sso": "^3.973.11",
        "@aws-sdk/credential-provider-web-identity": "^3.972.73",
        "@aws-sdk/nested-clients": "^3.997.41",
        "@aws-sdk/types": "^3.974.2",
        "@smithy/core": "^3.31.1",
        "@smithy/credential-provider-imds": "^4.4.16",
        "@smithy/types": "^4.16.1",
        "tslib": "^2.6.2"
      },
      "engines": {
        "node": ">=20.0.0"
      }
    },
    "node_modules/@aws-sdk/credential-provider-login": {
      "version": "3.972.74",
      "resolved": "https://registry.npmjs.org/@aws-sdk/credential-provider-login/-/credential-provider-login-3.972.74.tgz",
      "integrity": "sha512-0AQfDcf99TNmqVKv0owHrw/TQs6i4ZE5t9qmz6NvO53bE/sA/tpXhXL9AAcEP1qHc6Zzjd1UMb69+/9zdhvY3g==",
      "license": "Apache-2.0",
      "dependencies": {
        "@aws-sdk/core": "^3.977.6",
        "@aws-sdk/nested-clients": "^3.997.41",
        "@aws-sdk/types": "^3.974.2",
        "@smithy/core": "^3.31.1",
        "@smithy/types": "^4.16.1",
        "tslib": "^2.6.2"
      },
      "engines": {
        "node": ">=20.0.0"
      }
    },
    "node_modules/@aws-sdk/credential-provider-node": {
      "version": "3.972.78",
      "resolved": "https://registry.npmjs.org/@aws-sdk/credential-provider-node/-/credential-provider-node-3.972.78.tgz",
      "integrity": "sha512-OgPAnfvbGAMWac6yvxJ1ihslrvDpPVwR68D2csospdNCCyPvHk9JLzYKwz48SNiS1T2znDwHauywRKRFfpyYng==",
      "license": "Apache-2.0",
      "dependencies": {
        "@aws-sdk/credential-provider-env": "^3.972.67",
        "@aws-sdk/credential-provider-http": "^3.972.69",
        "@aws-sdk/credential-provider-ini": "^3.973.12",
        "@aws-sdk/credential-provider-process": "^3.972.67",
        "@aws-sdk/credential-provider-sso": "^3.973.11",
        "@aws-sdk/credential-provider-web-identity": "^3.972.73",
        "@aws-sdk/types": "^3.974.2",
        "@smithy/core": "^3.31.1",
        "@smithy/credential-provider-imds": "^4.4.16",
        "@smithy/types": "^4.16.1",
        "tslib": "^2.6.2"
      },
      "engines": {
        "node": ">=20.0.0"
      }
    },
    "node_modules/@aws-sdk/credential-provider-process": {
      "version": "3.972.67",
      "resolved": "https://registry.npmjs.org/@aws-sdk/credential-provider-process/-/credential-provider-process-3.972.67.tgz",
      "integrity": "sha512-IlUEejorGTWKb4/Dm7K5Yw4QxUmXLThLhrvBmzVBqZFTbW72cv9LTcITmo1dsnYriALE4h68mOq4LB99x6sQ7Q==",
      "license": "Apache-2.0",
      "dependencies": {
        "@aws-sdk/core": "^3.977.6",
        "@aws-sdk/types": "^3.974.2",
        "@smithy/core": "^3.31.1",
        "@smithy/types": "^4.16.1",
        "tslib": "^2.6.2"
      },
      "engines": {
        "node": ">=20.0.0"
      }
    },
    "node_modules/@aws-sdk/credential-provider-sso": {
      "version": "3.973.11",
      "resolved": "https://registry.npmjs.org/@aws-sdk/credential-provider-sso/-/credential-provider-sso-3.973.11.tgz",
      "integrity": "sha512-gAQBkBZxUB84d71+pPcI9L+jh2ujhuAVxc/4FgGiWFDjkPBlMKxzd5XDtkSXTFX8Ro7ansnT88+XadasxMeCRw==",
      "license": "Apache-2.0",
      "dependencies": {
        "@aws-sdk/core": "^3.977.6",
        "@aws-sdk/nested-clients": "^3.997.41",
        "@aws-sdk/token-providers": "3.1103.0",
        "@aws-sdk/types": "^3.974.2",
        "@smithy/core": "^3.31.1",
        "@smithy/types": "^4.16.1",
        "tslib": "^2.6.2"
      },
      "engines": {
        "node": ">=20.0.0"
      }
    },
    "node_modules/@aws-sdk/credential-provider-web-identity": {
      "version": "3.972.73",
      "resolved": "https://registry.npmjs.org/@aws-sdk/credential-provider-web-identity/-/credential-provider-web-identity-3.972.73.tgz",
      "integrity": "sha512-SnlEmQa6SjOgs6iOPLUQl1Eyq4AKiAdPQlkOhFhqNfDtDCwibMGvL6QlkSmf3o6vAUSImzdPCxowT5dfQUZP1A==",
      "license": "Apache-2.0",
      "dependencies": {
        "@aws-sdk/core": "^3.977.6",
        "@aws-sdk/nested-clients": "^3.997.41",
        "@aws-sdk/types": "^3.974.2",
        "@smithy/core": "^3.31.1",
        "@smithy/types": "^4.16.1",
        "tslib": "^2.6.2"
      },
      "engines": {
        "node": ">=20.0.0"
      }
    },
    "node_modules/@aws-sdk/middleware-sdk-s3": {
      "version": "3.972.72",
      "resolved": "https://registry.npmjs.org/@aws-sdk/middleware-sdk-s3/-/middleware-sdk-s3-3.972.72.tgz",
      "integrity": "sha512-lSAoVPvQxX1d8TOM6waKDBQrvvZcm4w6pCldFAsRUffEaXq6lYY0pPyew3KlLu6Xqb74DXI42hGvSsbGBLljlw==",
      "license": "Apache-2.0",
      "dependencies": {
        "@aws-sdk/core": "^3.977.6",
        "@aws-sdk/signature-v4-multi-region": "^3.996.43",
        "@aws-sdk/types": "^3.974.2",
        "@smithy/core": "^3.31.1",
        "@smithy/types": "^4.16.1",
        "tslib": "^2.6.2"
      },
      "engines": {
        "node": ">=20.0.0"
      }
    },
    "node_modules/@aws-sdk/nested-clients": {
      "version": "3.997.41",
      "resolved": "https://registry.npmjs.org/@aws-sdk/nested-clients/-/nested-clients-3.997.41.tgz",
      "integrity": "sha512-RDHqPGQWlF6tatA/Tp3rg6oIwtgN9IVderxE+9av2Y93Dfyu+mO1hZ5Bu2jpfZg2rwdNbsssnwM+sLafIczMlQ==",
      "license": "Apache-2.0",
      "dependencies": {
        "@aws-sdk/core": "^3.977.6",
        "@aws-sdk/signature-v4-multi-region": "^3.996.43",
        "@aws-sdk/types": "^3.974.2",
        "@smithy/core": "^3.31.1",
        "@smithy/fetch-http-handler": "^5.6.13",
        "@smithy/node-http-handler": "^4.9.13",
        "@smithy/types": "^4.16.1",
        "tslib": "^2.6.2"
      },
      "engines": {
        "node": ">=20.0.0"
      }
    },
    "node_modules/@aws-sdk/s3-request-presigner": {
      "version": "3.1106.0",
      "resolved": "https://registry.npmjs.org/@aws-sdk/s3-request-presigner/-/s3-request-presigner-3.1106.0.tgz",
      "integrity": "sha512-ZI5SCkyz8jB3Qr6NPSJ7R4A/PkniQvbD1DO8APwhMsubFcfwPSJMMUxrkv9k1E20ikRk7skpM9itZh+0wI9K/w==",
      "license": "Apache-2.0",
      "dependencies": {
        "@aws-sdk/core": "^3.977.6",
        "@aws-sdk/signature-v4-multi-region": "^3.996.43",
        "@aws-sdk/types": "^3.974.2",
        "@smithy/core": "^3.31.1",
        "@smithy/types": "^4.16.1",
        "tslib": "^2.6.2"
      },
      "engines": {
        "node": ">=20.0.0"
      }
    },
    "node_modules/@aws-sdk/signature-v4-multi-region": {
      "version": "3.996.43",
      "resolved": "https://registry.npmjs.org/@aws-sdk/signature-v4-multi-region/-/signature-v4-multi-region-3.996.43.tgz",
      "integrity": "sha512-lKekx8bLBXSv4O+cslk9Zfnw2XKSkWBs3uWL5QGhH2ZAQfNS7FE0vcSSN2vD/AhxX54ZTywWxR4STThoeOXlBA==",
      "license": "Apache-2.0",
      "dependencies": {
        "@aws-sdk/types": "^3.974.2",
        "@smithy/signature-v4": "^5.6.12",
        "@smithy/types": "^4.16.1",
        "tslib": "^2.6.2"
      },
      "engines": {
        "node": ">=20.0.0"
      }
    },
    "node_modules/@aws-sdk/token-providers": {
      "version": "3.1103.0",
      "resolved": "https://registry.npmjs.org/@aws-sdk/token-providers/-/token-providers-3.1103.0.tgz",
      "integrity": "sha512-N4wy26MNn31ItGVHYHPrEuCIFY4MBBjC+C5v1lJKqIUSA7OZBdhleCY53zCCrXn27hsk7YNOaTuhQu807S4AfQ==",
      "license": "Apache-2.0",
      "dependencies": {
        "@aws-sdk/core": "^3.977.6",
        "@aws-sdk/nested-clients": "^3.997.41",
        "@aws-sdk/types": "^3.974.2",
        "@smithy/core": "^3.31.1",
        "@smithy/types": "^4.16.1",
        "tslib": "^2.6.2"
      },
      "engines": {
        "node": ">=20.0.0"
      }
    },
    "node_modules/@aws-sdk/types": {
      "version": "3.974.2",
      "resolved": "https://registry.npmjs.org/@aws-sdk/types/-/types-3.974.2.tgz",
      "integrity": "sha512-3W6IUtSxFbH6X7Wb7DzGCV5QiFQsd0g8bOfntpmDxQlzBoKWUMBu/JPQR0DwkE+Hpnxd6db1tXbOwdeHddG6cA==",
      "license": "Apache-2.0",
      "dependencies": {
        "@smithy/types": "^4.16.1",
        "tslib": "^2.6.2"
      },
      "engines": {
        "node": ">=20.0.0"
      }
    },
    "node_modules/@aws-sdk/xml-builder": {
      "version": "3.972.37",
      "resolved": "https://registry.npmjs.org/@aws-sdk/xml-builder/-/xml-builder-3.972.37.tgz",
      "integrity": "sha512-zKq4HQum8JwDyEuyfuI4bbiAcU0KxP6qy+9PR/IsR92IyE/DaBAikzAS50tjxip4bqIIANpCcG+Yyj6CVhXupg==",
      "license": "Apache-2.0",
      "dependencies": {
        "@smithy/types": "^4.16.1",
        "tslib": "^2.6.2"
      },
      "engines": {
        "node": ">=20.0.0"
      }
    },
    "node_modules/@aws/lambda-invoke-store": {
      "version": "0.3.0",
      "resolved": "https://registry.npmjs.org/@aws/lambda-invoke-store/-/lambda-invoke-store-0.3.0.tgz",
      "integrity": "sha512-sl4Bm6yiMNYrZKkqqDFWN0UfnWhlS8ivKxrYl+6t0gCLrqr8y3B2IqZZbFRkfaVVp7C/baApyh71P+LeE1A2sQ==",
      "license": "Apache-2.0",
      "engines": {
        "node": ">=18.0.0"
      }
    },
    "node_modules/@emnapi/runtime": {
      "version": "1.11.3",
      "resolved": "https://registry.npmjs.org/@emnapi/runtime/-/runtime-1.11.3.tgz",
      "integrity": "sha512-Xz4Tpyki7XyrpbUK1jR1AhdAdaXyhhY4lZ3neLodmhpuWfy2PAQN5B46sAiU4liOXGLkHypn/qU+jvfWSCYYLA==",
      "license": "MIT",
      "optional": true,
      "dependencies": {
        "tslib": "^2.4.0"
      }
    },
    "node_modules/@hono/node-server": {
      "version": "2.1.0",
      "resolved": "https://registry.npmjs.org/@hono/node-server/-/node-server-2.1.0.tgz",
      "integrity": "sha512-XovyyCCnBzW+zKu+z/zq8hwNs4KOR5rEMAOxo2f40Q5xoOI37IMm6MIg2COOUtUApo0i6850MTBKH2u4QLGIqg==",
      "license": "MIT",
      "engines": {
        "node": ">=20"
      },
      "peerDependencies": {
        "hono": "^4"
      }
    },
    "node_modules/@img/colour": {
      "version": "1.1.0",
      "resolved": "https://registry.npmjs.org/@img/colour/-/colour-1.1.0.tgz",
      "integrity": "sha512-Td76q7j57o/tLVdgS746cYARfSyxk8iEfRxewL9h4OMzYhbW4TAcppl0mT4eyqXddh6L/jwoM75mo7ixa/pCeQ==",
      "license": "MIT",
      "engines": {
        "node": ">=18"
      }
    },
    "node_modules/@img/sharp-darwin-arm64": {
      "version": "0.35.3",
      "resolved": "https://registry.npmjs.org/@img/sharp-darwin-arm64/-/sharp-darwin-arm64-0.35.3.tgz",
      "integrity": "sha512-RMnFX7YQsMoh7lWfcM4NEHHymBX/rLuKNPVM84XE9ONPcaSCDgE7CHIHpSgPcO2xcRthgBy1HfNO319mwhIAkg==",
      "cpu": [
        "arm64"
      ],
      "license": "Apach×¿vêÚ$z{-®éÜj×W6öÇfVB#¢&‡GG3¢ò÷&Vv—7G'’æçÖ§2æ÷&r÷&÷‡’ÖFG"òÒ÷&÷‡’ÖFG"Ó"ããrçFw¢"À¢&–çFVw&—G’#¢'6†S"ÖÆÅ4ÔÅ5TEUCCF¦G%Rôó3wÆæ–f—DEµ§w&ÖÕ¦6õ4·”Ä·gE§‡•cã"ö$BôãGD$¢öt¤VE¥St´×&ô³µ…”sÓÒ"À¢&Æ–6Vç6R#¢$Ô•B"À¢&FWVæFVæ6–W2#¢°¢&f÷'v&FVB#¢#ã"ã"À¢&—FG"æ§2#¢#ã’ã ¢ÒÀ¢&Væv–æW2#¢°¢&æöFR#¢#ãÒã ¢Ð¢ÒÀ¢&æöFUöÖöGVÆW2÷2#¢°¢'fW'6–öâ#¢#bãRã2"À¢'&W6öÇfVB#¢&‡GG3¢ò÷&Vv—7G'’æçÖ§2æ÷&r÷2òÒ÷2ÓbãRã2çFw¢"À¢&–çFVw&—G’#¢'6†S"Ôó–vÃ7¤6ÃVƒV&Çs´uW¥¶„VõU…6Ã‡'uT”ÓVó36ä5„ÖÆ•7g“TG§ƒrôD¦4’µ7vt”7b´–æU5§v„&ƒõ7”T„sÓÒ"À¢&Æ–6Vç6R#¢$%4BÓ2Ô6ÆW6R"À¢&FWVæFVæ6–W2#¢°¢&W2ÖFVf–æR×&÷W'G’#¢%ããã"À¢'6–FRÖ6†ææVÂ#¢%ããã ¢ÒÀ¢&Væv–æW2#¢°¢&æöFR#¢#ãÓãb ¢ÒÀ¢&gVæF–ær#¢°¢'W&Â#¢&‡GG3¢òöv—F‡V"æ6öÒ÷7öç6÷'2öÆ¦†&" ¢Ð¢ÒÀ¢&æöFUöÖöGVÆW2÷&ævR×'6W"#¢°¢'fW'6–öâ#¢#ã2ã"À¢'&W6öÇfVB#¢&‡GG3¢ò÷&Vv—7G'’æçÖ§2æ÷&r÷&ævR×'6W"òÒ÷&ævR×'6W"Óã2ãçFw¢"À¢&–çFVw&—G’#¢'6†S"Ö†V³&ÔeT“DS$$·%7Fò´%S6S7ƒG‡V'6&—w#2¶ÆcwCF§WddÕc„eu7…W—„E'%„Ä–ö5Tv%7CSe¤×sÓÒ"À¢&Æ–6Vç6R#¢$Ô•B"À¢&Væv–æW2#¢°¢&æöFR#¢#ãÒãb ¢ÒÀ¢&gVæF–ær#¢°¢'G—R#¢&÷Væ6öÆÆV7F—fR"À¢'W&Â#¢&‡GG3¢òö÷Væ6öÆÆV7F—fRæ6öÒöW‡&W72 ¢Ð¢ÒÀ¢&æöFUöÖöGVÆW2÷&rÖ&öG’#¢°¢'fW'6–öâ#¢#2ãã""À¢'&W6öÇfVB#¢&‡GG3¢ò÷&Vv—7G'’æçÖ§2æ÷&r÷&rÖ&öG’òÒ÷&rÖ&öG’Ó2ãã"çFw¢"À¢&–çFVw&—G’#¢'6†S"Ô³W¥¤FÆÇ…v¶cu£W„¦Ecô#uDçƒgg„ss¤¤SDã´'3DÆ÷fÔU•t§¥w„3–%3•$·S6&tÓCÇ&CW¦ôÄ£$ÕT$ÓÒ"À¢&Æ–6Vç6R#¢$Ô•B"À¢&FWVæFVæ6–W2#¢°¢&'—FW2#¢'ã2ãã""À¢&‡GGÖW'&÷'2#¢'ã"ãã"À¢&–6öçbÖÆ—FR#¢'ããrã"À¢'Vç—R#¢'ããã ¢ÒÀ¢&Væv–æW2#¢°¢&æöFR#¢#ãÒã ¢Ð¢ÒÀ¢&æöFUöÖöGVÆW2÷&WV—&RÖg&öÒ×7G&–ær#¢°¢'fW'6–öâ#¢#"ãã""À¢'&W6öÇfVB#¢&‡GG3¢ò÷&Vv—7G'’æçÖ§2æ÷&r÷&WV—&RÖg&öÒ×7G&–æròÒ÷&WV—&RÖg&öÒ×7G&–ærÓ"ãã"çFw¢"À¢&–çFVw&—G’#¢'6†S"Õ†cåvSe'6W¦”d×R´–&–•V&×Çe3’÷³wsu•…ô¤$†‡%TDEV‡v·dç—V'We¥uGfURòôE•dw4Dsu$´Â÷dWsÓÒ"À¢&Æ–6Vç6R#¢$Ô•B"À¢&Væv–æW2#¢°¢&æöFR#¢#ãÓãã ¢Ð¢ÒÀ¢&æöFUöÖöGVÆW2÷&÷WFW"#¢°¢'fW'6–öâ#¢#"ã"ã"À¢'&W6öÇfVB#¢&‡GG3¢ò÷&Vv—7G'’æçÖ§2æ÷&r÷&÷WFW"òÒ÷&÷WFW"Ó"ã"ãçFw¢"À¢&–çFVw&—G’#¢'6†S"ÖäÅG%T¶Ó%W–”Ãw&Æ†Rõ¦ÃCTgtævµ¤v7¦$”†¤E–wvÄ¤4÷¤Å6²¶4•ç4Wc“STv¤”Ä¦ä¶&E3åe¢¶t•ÓÒ"À¢&Æ–6Vç6R#¢$Ô•B"À¢&FWVæFVæ6–W2#¢°¢&FV'Vr#¢%ãBãBã"À¢&FWB#¢%ã"ãã"À¢&—2×&öÖ—6R#¢%ãBãã"À¢''6WW&Â#¢%ãã2ã2"À¢'F‚×Fò×&VvW‡#¢%ã‚ãã ¢ÒÀ¢&Væv–æW2#¢°¢&æöFR#¢#ãÒ‚ ¢Ð¢ÒÀ¢&æöFUöÖöGVÆW2÷6fW"Ö'VffW"#¢°¢'fW'6–öâ#¢#"ãã""À¢'&W6öÇfVB#¢&‡GG3¢ò÷&Vv—7G'’æçÖ§2æ÷&r÷6fW"Ö'VffW"òÒ÷6fW"Ö'VffW"Ó"ãã"çFw¢"À¢&–çFVw&—G’#¢'6†S"Õ•¦ó4³ƒ%4Cu&—–“SUö¤Ç£v·Wå5“”—•$„†s……†Wf#VD¤“wG”ã$G„v5$„swf7•$†³6'w5&•WFsÓÒ"À¢&Æ–6Vç6R#¢$Ô•B ¢ÒÀ¢&æöFUöÖöGVÆW2÷6V×fW"#¢°¢'fW'6–öâ#¢#rã‚ãR"À¢'&W6öÇfVB#¢&‡GG3¢ò÷&Vv—7G'’æçÖ§2æ÷&r÷6V×fW"òÒ÷6V×fW"Órã‚ãRçFw¢"À¢&–çFVw&—G’#¢'6†S"Õ“rô´G6#„Æ¦öõ§vw—VÄódEÆ·6t6æ66„„v²·5¤•“E4'eVö4Ô$TdƒUW#d“FEb´§fÃsf6§gV6–“CU&–ôÓÒ"À¢&Æ–6Vç6R#¢$•42"À¢&&–â#¢°¢'6V×fW"#¢&&–â÷6V×fW"æ§2 ¢ÒÀ¢&Væv–æW2#¢°¢&æöFR#¢#ãÓ ¢Ð¢ÒÀ¢&æöFUöÖöGVÆW2÷6VæB#¢°¢'fW'6–öâ#¢#ã"ã"À¢'&W6öÇfVB#¢&‡GG3¢ò÷&Vv—7G'’æçÖ§2æ÷&r÷6VæBòÒ÷6VæBÓã"ãçFw¢"À¢&–çFVw&—G’#¢'6†S"Óvå¦ctDf6ô–6¥F¥Gv§wTF§§W£E5“%7DµÇ4tµ”ƒ#•%g$&…5vÖF¦÷uD£gS…&3õ”ôt…†eÕ–5¤åÓÒ"À¢&Æ–6Vç6R#¢$Ô•B"À¢&FWVæFVæ6–W2#¢°¢&FV'Vr#¢%ãBãBã2"À¢&Væ6öFWW&Â#¢%ã"ãã"À¢&W66RÖ‡FÖÂ#¢%ããã2"À¢&WFr#¢%ãã‚ã"À¢&g&W6‚#¢%ã"ãã"À¢&‡GGÖW'&÷'2#¢%ã"ãã"À¢&Ö–ÖR×G—W2#¢%ã2ãã""À¢&×2#¢%ã"ãã2"À¢&öâÖf–æ—6†VB#¢%ã"ãBã"À¢'&ævR×'6W"#¢%ãã"ã"À¢'7FGW6W2#¢%ã"ãã" ¢ÒÀ¢&Væv–æW2#¢°¢&æöFR#¢#ãÒ‚ ¢ÒÀ¢&gVæF–ær#¢°¢'G—R#¢&÷Væ6öÆÆV7F—fR"À¢'W&Â#¢&‡GG3¢òö÷Væ6öÆÆV7F—fRæ6öÒöW‡&W72 ¢Ð¢ÒÀ¢&æöFUöÖöGVÆW2÷6W'fR×7FF–2#¢°¢'fW'6–öâ#¢#"ã"ã"À¢'&W6öÇfVB#¢&‡GG3¢ò÷&Vv—7G'’æçÖ§2æ÷&r÷6W'fR×7FF–2òÒ÷6W'fR×7FF–2Ó"ã"ãçFw¢"À¢&–çFVw&—G’#¢'6†S"×…%„&ãEe”3‡w•$·3$ÔöÅƒ#G¥ôv£·VÇGfôô77D%ÓW—dö„e5WtôÖ¥EGg5vôä4†ewv¦…GsÓÒ"À¢&Æ–6Vç6R#¢$Ô•B"À¢&FWVæFVæ6–W2#¢°¢&Væ6öFWW&Â#¢%ã"ãã"À¢&W66RÖ‡FÖÂ#¢%ããã2"À¢''6WW&Â#¢%ãã2ã2"À¢'6VæB#¢%ãã"ã ¢ÒÀ¢&Væv–æW2#¢°¢&æöFR#¢#ãÒ‚ ¢ÒÀ¢&gVæF–ær#¢°¢'G—R#¢&÷Væ6öÆÆV7F—fR"À¢'W&Â#¢&‡GG3¢òö÷Væ6öÆÆV7F—fRæ6öÒöW‡&W72 ¢Ð¢ÒÀ¢&æöFUöÖöGVÆW2÷6WG&÷F÷G—Vöb#¢°¢'fW'6–öâ#¢#ã"ã"À¢'&W6öÇfVB#¢&‡GG3¢ò÷&Vv—7G'’æçÖ§2æ÷&r÷6WG&÷F÷G—VöbòÒ÷6WG&÷F÷G—VöbÓã"ãçFw¢"À¢&–çFVw&—G’#¢'6†S"ÔSTÄEƒuw'ƒT¶–ÃV&…§cCf£†¤öV&ô·T¤ÖÕ”Ó6udvDtƒ‡„gu…T×4ç&ÄôD7&¶÷„ÔVTæ’õ…¤—wU'e“E„çu”Ô§sÓÒ"À¢&Æ–6Vç6R#¢$•42 ¢ÒÀ¢&æöFUöÖöGVÆW2÷6†'#¢°¢'fW'6–öâ#¢#ã3Rã2"À¢'&W6öÇfVB#¢&‡GG3¢ò÷&Vv—7G'’æçÖ§2æ÷&r÷6†'òÒ÷6†'Óã3Rã2çFw¢"À¢&–çFVw&—G’#¢'6†S"ÖV£¥d‡U¤t„6”%†4ç†U–‡&åå7f$s…$ÖD$„D„Ä¶´5%e7³4——Sw's4¤×¦ö£$VTÓfc7D¤ÇEgvÃ#5ÓÒ"À¢&Æ–6Vç6R#¢$6†RÓ"ã"À¢&FWVæFVæ6–W2#¢°¢$–Örö6öÆ÷W"#¢%ããã"À¢&FWFV7BÖÆ–&2#¢%ã"ãã""À¢'6V×fW"#¢%ãrã‚ãR ¢ÒÀ¢&Væv–æW2#¢°¢&æöFR#¢#ãÓ#ã’ã ¢ÒÀ¢&gVæF–ær#¢°¢'W&Â#¢&‡GG3¢òö÷Væ6öÆÆV7F—fRæ6öÒöÆ–'f—2 ¢ÒÀ¢&÷F–öæÄFWVæFVæ6–W2#¢°¢$–Ör÷6†'ÖF'v–âÖ&ÓcB#¢#ã3Rã2"À¢$–Ör÷6†'ÖF'v–â×ƒcB#¢#ã3Rã2"À¢$–Ör÷6†'Ög&VV'6B×v6Ó3"#¢#ã3Rã2"À¢$–Ör÷6†'ÖÆ–'f—2ÖF'v–âÖ&ÓcB#¢#ã2ã""À¢$–Ör÷6†'ÖÆ–'f—2ÖF'v–â×ƒcB#¢#ã2ã""À¢$–Ör÷6†'ÖÆ–'f—2ÖÆ–çW‚Ö&Ò#¢#ã2ã""À¢$–Ör÷6†'ÖÆ–'f—2ÖÆ–çW‚Ö&ÓcB#¢#ã2ã""À¢$–Ör÷6†'ÖÆ–'f—2ÖÆ–çW‚×3cB#¢#ã2ã""À¢$–Ör÷6†'ÖÆ–'f—2ÖÆ–çW‚×&—67ccB#¢#ã2ã""À¢$–Ör÷6†'ÖÆ–'f—2ÖÆ–çW‚×33“‚#¢#ã2ã""À¢$–Ör÷6†'ÖÆ–'f—2ÖÆ–çW‚×ƒcB#¢#ã2ã""À¢$–Ör÷6†'ÖÆ–'f—2ÖÆ–çW†×W6ÂÖ&ÓcB#¢#ã2ã""À¢$–Ör÷6†'ÖÆ–'f—2ÖÆ–çW†×W6Â×ƒcB#¢#ã2ã""À¢$–Ör÷6†'ÖÆ–çW‚Ö&Ò#¢#ã3Rã2"À¢$–Ör÷6†'ÖÆ–çW‚Ö&ÓcB#¢#ã3Rã2"À¢$–Ör÷6†'ÖÆ–çW‚×3cB#¢#ã3Rã2"À¢$–Ör÷6†'ÖÆ–çW‚×&—67ccB#¢#ã3Rã2"À¢$–Ör÷6†'ÖÆ–çW‚×33“‚#¢#ã3Rã2"À¢$–Ör÷6†'ÖÆ–çW‚×ƒcB#¢#ã3Rã2"À¢$–Ör÷6†'ÖÆ–çW†×W6ÂÖ&ÓcB#¢#ã3Rã2"À¢$–Ör÷6†'ÖÆ–çW†×W6Â×ƒcB#¢#ã3Rã2"À¢$–Ör÷6†'×vV&6öçF–æW'2×v6Ó3"#¢#ã3Rã2"À¢$–Ör÷6†'×v–ã3"Ö&ÓcB#¢#ã3Rã2"À¢$–Ör÷6†'×v–ã3"Ö–3"#¢#ã3Rã2"À¢$–Ör÷6†'×v–ã3"×ƒcB#¢#ã3Rã2 ¢ÒÀ¢'VW$FWVæFVæ6–W4ÖWF#¢°¢$G—W2öæöFR#¢°¢&÷F–öæÂ#¢G'VP¢Ð¢Ð¢ÒÀ¢&æöFUöÖöGVÆW2÷6†V&ærÖ6öÖÖæB#¢°¢'fW'6–öâ#¢#"ãã"À¢'&W6öÇfVB#¢&‡GG3¢ò÷&Vv—7G'’æçÖ§2æ÷&r÷6†V&ærÖ6öÖÖæBòÒ÷6†V&ærÖ6öÖÖæBÓ"ããçFw¢"À¢&–çFVw&—G’#¢'6†S"Ö´‡‡#'¥§—FF×$ãF§'%‚õ£%#´s„G‚¶v·³sFU†×e‡7vÖ4S…Et%u•W¦Ç&—s÷•§e—TE“su—Gf$ãFÔDÓÒ"À¢&Æ–6Vç6R#¢$Ô•B"À¢&FWVæFVæ6–W2#¢°¢'6†V&ær×&VvW‚#¢%ã2ãã ¢ÒÀ¢&Væv–æW2#¢°¢&æöFR#¢#ãÓ‚ ¢Ð¢ÒÀ¢&æöFUöÖöGVÆW2÷6†V&ær×&VvW‚#¢°¢'fW'6–öâ#¢#2ãã"À¢'&W6öÇfVB#¢&‡GG3¢ò÷&Vv—7G'’æçÖ§2æ÷&r÷6†V&ær×&VvW‚òÒ÷6†V&ær×&VvW‚Ó2ããçFw¢"À¢&–çFVw&—G’#¢'6†S"Ór²¶Df‡F7ƒ33S7T&„DE#DçW„&WD'¤3u¥ö†ÕE–ä„VCf%7%†F”W—¤7dsu£CEU–DÅ6…uW•‡CTÒ÷–‡£†V¶6#ÓÒ"À¢&Æ–6Vç6R#¢$Ô•B"À¢&Væv–æW2#¢°¢&æöFR#¢#ãÓ‚ ¢Ð¢ÒÀ¢&æöFUöÖöGVÆW2÷6–FRÖ6†ææVÂ#¢°¢'fW'6–öâ#¢#ãã"À¢'&W6öÇfVB#¢&‡GG3¢ò÷&Vv—7G'’æçÖ§2æ÷&r÷6–FRÖ6†ææVÂòÒ÷6–FRÖ6†ææVÂÓããçFw¢"À¢&–çFVw&—G’#¢'6†S"ÓgƒfD³g¤¦GG¤cG5Tå—‡wGd'¦cdVsDwFÆW53“D„÷eGVEVW”³%u„–fÔFw7—6Å—%$&Td–Ç6“SD—4duWV†×g%ÓÒ"À¢&Æ–6Vç6R#¢$Ô•B"À¢&FWVæFVæ6–W2#¢°¢&W2ÖW'&÷'2#¢%ãã2ã"À¢&ö&¦V7BÖ–ç7V7B#¢%ãã2ãB"À¢'6–FRÖ6†ææVÂÖÆ—7B#¢%ããã"À¢'6–FRÖ6†ææVÂÖÖ#¢%ããã"À¢'6–FRÖ6†ææVÂ×vV¶Ö#¢%ããã" ¢ÒÀ¢&Væv–æW2#¢°¢&æöFR#¢#ãÒãB ¢ÒÀ¢&gVæF–ær#¢°¢'W&Â#¢&‡GG3¢òöv—F‡V"æ6öÒ÷7öç6÷'2öÆ¦†&" ¢Ð¢ÒÀ¢&æöFUöÖöGVÆW2÷6–FRÖ6†ææVÂÖÆ—7B#¢°¢'fW'6–öâ#¢#ãã"À¢'&W6öÇfVB#¢&‡GG3¢ò÷&Vv—7G'’æçÖ§2æ÷&r÷6–FRÖ6†ææVÂÖÆ—7BòÒ÷6–FRÖ6†ææVÂÖÆ—7BÓããçFw¢"À¢&–çFVw&—G’#¢'6†S"ÖÖ¦âó&’öõUU&¦3U†Ãt–v’ôô¤¤§V×Vô¤e¦dDG”óCb¶„%w6fdÓcUD$‡&Võ¤&‡¦Ã”V6‡„ö–§¶%$3…5d%SsÓÒ"À¢&Æ–6Vç6R#¢$Ô•B"À¢&FWVæFVæ6–W2#¢°¢&W2ÖW'&÷'2#¢%ãã2ã"À¢&ö&¦V7BÖ–ç7V7B#¢%ãã2ãB ¢ÒÀ¢&Væv–æW2#¢°¢&æöFR#¢#ãÒãB ¢ÒÀ¢&gVæF–ær#¢°¢'W&Â#¢&‡GG3¢òöv—F‡V"æ6öÒ÷7öç6÷'2öÆ¦†&" ¢Ð¢ÒÀ¢&æöFUöÖöGVÆW2÷6–FRÖ6†ææVÂÖÖ#¢°¢'fW'6–öâ#¢#ãã"À¢'&W6öÇfVB#¢&‡GG3¢ò÷&Vv—7G'’æçÖ§2æ÷&r÷6–FRÖ6†ææVÂÖÖòÒ÷6–FRÖ6†ææVÂÖÖÓããçFw¢"À¢&–çFVw&—G’#¢'6†S"Õd6¤4æft×6'“7EFFó&æ&§DÒöWw&f¥†×F†VæµE–ƒ‡s—V5¢ó…6óGSDdt&V²ô&§õg4D4ÖôÄö—T$´”e…$ÓÒ"À¢&Æ–6Vç6R#¢$Ô•B"À¢&FWVæFVæ6–W2#¢°¢&6ÆÂÖ&÷VæB#¢%ããã""À¢&W2ÖW'&÷'2#¢%ãã2ã"À¢&vWBÖ–çG&–ç6–2#¢%ãã"ãR"À¢&ö&¦V7BÖ–ç7V7B#¢%ãã2ã2 ¢ÒÀ¢&Væv–æW2#¢°¢&æöFR#¢#ãÒãB ¢ÒÀ¢&gVæF–ær#¢°¢'W&Â#¢&‡GG3¢òöv—F‡V"æ6öÒ÷7öç6÷'2öÆ¦†&" ¢Ð¢ÒÀ¢&æöFUöÖöGVÆW2÷6–FRÖ6†ææVÂ×vV¶Ö#¢°¢'fW'6–öâ#¢#ãã""À¢'&W6öÇfVB#¢&‡GG3¢ò÷&Vv—7G'’æçÖ§2æ÷&r÷6–FRÖ6†ææVÂ×vV¶ÖòÒ÷6–FRÖ6†ææVÂ×vV¶ÖÓãã"çFw¢"À¢&–çFVw&—G’#¢'6†S"Õu2ô‡d…E–ä†—4Æó”Ö7$„ô¦³$f´„ò÷FÇfÆG—&æVÓFUF†“6w—F‡7vsgõ6õFÃS‡&7”d¤c&'#$³$ÓÒ"À¢&Æ–6Vç6R#¢$Ô•B"À¢&FWVæFVæ6–W2#¢°¢&6ÆÂÖ&÷VæB#¢%ããã""À¢&W2ÖW'&÷'2#¢%ãã2ã"À¢&vWBÖ–çG&–ç6–2#¢%ãã"ãR"À¢&ö&¦V7BÖ–ç7V7B#¢%ãã2ã2"À¢'6–FRÖ6†ææVÂÖÖ#¢%ããã ¢ÒÀ¢&Væv–æW2#¢°¢&æöFR#¢#ãÒãB ¢ÒÀ¢&gVæF–ær#¢°¢'W&Â#¢&‡GG3¢òöv—F‡V"æ6öÒ÷7öç6÷'2öÆ¦†&" ¢Ð¢ÒÀ¢&æöFUöÖöGVÆW2÷7Æ—C"#¢°¢'fW'6–öâ#¢#Bã"ã"À¢'&W6öÇfVB#¢&‡GG3¢ò÷&Vv—7G'’æçÖ§2æ÷&r÷7Æ—C"òÒ÷7Æ—C"ÓBã"ãçFw¢"À¢&–çFVw&—G’#¢'6†S"ÕV6¦4¤õv¶ç$æ´ceÅƒƒ74„Ód´†ud´æµcc%“†WU”Egc—–Dugt„Ô·†D¦¦SeEwÆ¤su—4F‡$6Dõ”ƒEEvsÓÒ"À¢&Æ–6Vç6R#¢$•42"À¢&Væv–æW2#¢°¢&æöFR#¢#ãÒç‚ ¢Ð¢ÒÀ¢&æöFUöÖöGVÆW2÷7FGW6W2#¢°¢'fW'6–öâ#¢#"ãã""À¢'&W6öÇfVB#¢&‡GG3¢ò÷&Vv—7G'’æçÖ§2æ÷&r÷7FGW6W2òÒ÷7FGW6W2Ó"ãã"çFw¢"À¢&–çFVw&—G’#¢'6†S"ÔGdW“SUc4D#wV¶å&ò³F”ôuCVe6Å#‡uö…fF¶æ–u¥××7F´¥v‡v•”$4¤S5VÃ'FäF–†„%–å&…¥„t&•'sÓÒ"À¢&Æ–6Vç6R#¢$Ô•B"À¢&Væv–æW2#¢°¢&æöFR#¢#ãÒã‚ ¢Ð¢ÒÀ¢&æöFUöÖöGVÆW2÷Fö–FVçF–f–W"#¢°¢'fW'6–öâ#¢#ãã"À¢'&W6öÇfVB#¢&‡GG3¢ò÷&Vv—7G'’æçÖ§2æ÷&r÷Fö–FVçF–f–W"òÒ÷Fö–FVçF–f–W"ÓããçFw¢"À¢&–çFVw&—G’#¢'6†S"ÖóW55´V¶rôD•æÔƒC5c÷VW$Ç'¥fVFµVƒ‡DtçfU‡gWv¤¶VæÅ6÷‚ó$òô%FÅ¥WDVR´¤sw3U–„W£c…Ä…$ÓÒ"À¢&Æ–6Vç6R#¢$Ô•B"À¢&Væv–æW2#¢°¢&æöFR#¢#ãÓãb ¢Ð¢ÒÀ¢&æöFUöÖöGVÆW2÷G6Æ–"#¢°¢'fW'6–öâ#¢#"ã‚ã"À¢'&W6öÇfVB#¢&‡GG3¢ò÷&Vv—7G'’æçÖ§2æ÷&r÷G6Æ–"òÒ÷G6Æ–"Ó"ã‚ãçFw¢"À¢&–çFVw&—G’#¢'6†S"Öô¤gS“D…"´µfGU5UÃwvç×æfÔÇ4ôöäƒf#dTƒt4Vô³öÕU…Sf37t´Ecƒ4Ö´÷T…$‡E5„´µS“””&¥2ó'sÓÒ"À¢&Æ–6Vç6R#¢#%4B ¢ÒÀ¢&æöFUöÖöGVÆW2÷G—RÖ—2#¢°¢'fW'6–öâ#¢#"ãã"À¢'&W6öÇfVB#¢&‡GG3¢ò÷&Vv—7G'’æçÖ§2æ÷&r÷G—RÖ—2òÒ÷G—RÖ—2Ó"ããçFw¢"À¢&–çFVw&—G’#¢'6†S"Öf”‡sä&&2öµtc7¤eDVç…4dôuUƒ”tf$ô'F‡dFDÇ4–ÄVõtôd÷E3¦t6•—t—6´Ã–”u…¤Ã6´„C„öõ£DvÔÔDÓÒ"À¢&Æ–6Vç6R#¢$Ô•B"À¢&FWVæFVæ6–W2#¢°¢&6öçFVçB×G—R#¢%ã"ãã"À¢&ÖVF–×G—W"#¢%ããã"À¢&Ö–ÖR×G—W2#¢%ã2ãã ¢ÒÀ¢&Væv–æW2#¢°¢&æöFR#¢#ãÒ‚ ¢ÒÀ¢&gVæF–ær#¢°¢'G—R#¢&÷Væ6öÆÆV7F—fR"À¢'W&Â#¢&‡GG3¢òö÷Væ6öÆÆV7F—fRæ6öÒöW‡&W72 ¢Ð¢ÒÀ¢&æöFUöÖöGVÆW2÷G—RÖ—2öæöFUöÖöGVÆW2ö6öçFVçB×G—R#¢°¢'fW'6–öâ#¢#"ãã"À¢'&W6öÇfVB#¢&‡GG3¢ò÷&Vv—7G'’æçÖ§2æ÷&rö6öçFVçB×G—RòÒö6öçFVçB×G—RÓ"ããçFw¢"À¢&–çFVw&—G’#¢'6†S"Ö¢ôòöCtv5¤7”æÃrö‡u¤#cg'§·—fF7DÆÖ6¶'„Ç¤‡dd'¥D¤‡TtVFöDF57”•&ôG$Ä†´”D§Wg¦$fÇö¶“&5ÓÒ"À¢&Æ–6Vç6R#¢$Ô•B"À¢&Væv–æW2#¢°¢&æöFR#¢#ãÓ‚ ¢ÒÀ¢&gVæF–ær#¢°¢'G—R#¢&÷Væ6öÆÆV7F—fR"À¢'W&Â#¢&‡GG3¢òö÷Væ6öÆÆV7F—fRæ6öÒöW‡&W72 ¢Ð¢ÒÀ¢&æöFUöÖöGVÆW2÷Vç—R#¢°¢'fW'6–öâ#¢#ãã"À¢'&W6öÇfVB#¢&‡GG3¢ò÷&Vv—7G'’æçÖ§2æ÷&r÷Vç—RòÒ÷Vç—RÓããçFw¢"À¢&–çFVw&—G’#¢'6†S"×§“&%–…77VguvÄ·u2¶Ã64ãr·wT¦Ä³gW£–D¤TöÅF&Ãf¦òõ–Å“FÖ#†uVµd3„$cuc„çW¦W•ç&·46‡§DµÓÒ"À¢&Æ–6Vç6R#¢$Ô•B"À¢&Væv–æW2#¢°¢&æöFR#¢#ãÒã‚ ¢Ð¢ÒÀ¢&æöFUöÖöGVÆW2÷f'’#¢°¢'fW'6–öâ#¢#ãã""À¢'&W6öÇfVB#¢&‡GG3¢ò÷&Vv—7G'’æçÖ§2æ÷&r÷f'’òÒ÷f'’Óãã"çFw¢"À¢&–çFVw&—G’#¢'6†S"Ô$äv%tÆfCUU&†µ…UfÓ£‡WWe$W•FƒV÷e&öG–÷rô'%¤§”2³VeR´—¥÷¦Ô·¥—•$•6õ&†E#6T•¢õ‡sÓÒ"À¢&Æ–6Vç6R#¢$Ô•B"À¢&Væv–æW2#¢°¢&æöFR#¢#ãÒã‚ ¢Ð¢ÒÀ¢&æöFUöÖöGVÆW2÷v†–6‚#¢°¢'fW'6–öâ#¢#"ãã""À¢'&W6öÇfVB#¢&‡GG3¢ò÷&Vv—7G'’æçÖ§2æ÷&r÷v†–6‚òÒ÷v†–6‚Ó"ãã"çFw¢"À¢&–çFVw&—G’#¢'6†S"Ô$Ä“5FÃEs5fÃsÃ7—5“cF’¶wu‡4t%•v¶·×Fæ%†w$ÔB·–£w&…s·TTG‡¤¦•„v¤UsVöv´äÔT´äÖ¦–$ÓÒ"À¢&Æ–6Vç6R#¢$•42"À¢&FWVæFVæ6–W2#¢°¢&—6W†R#¢%ã"ãã ¢ÒÀ¢&&–â#¢°¢&æöFR×v†–6‚#¢&&–âöæöFR×v†–6‚ ¢ÒÀ¢&Væv–æW2#¢°¢&æöFR#¢#ãÒ‚ ¢Ð¢ÒÀ¢&æöFUöÖöGVÆW2÷w&’#¢°¢'fW'6–öâ#¢#ãã""À¢'&W6öÇfVB#¢&‡GG3¢ò÷&Vv—7G'’æçÖ§2æ÷&r÷w&’òÒ÷w&’Óãã"çFw¢"À¢&–çFVw&—G’#¢'6†S"ÖÃE7ôE'6V÷#—tÃdWec"µGUãc6DÖµ¥¢÷7•†¶v…DV%c”¶Å3…W5£7Srô•óGw‡F4d#F&w&5#57fW¥5ÓÒ"À¢&Æ–6Vç6R#¢$•42 ¢ÒÀ¢&æöFUöÖöGVÆW2÷‡FVæB#¢°¢'fW'6–öâ#¢#Bãã""À¢'&W6öÇfVB#¢&‡GG3¢ò÷&Vv—7G'’æçÖ§2æ÷&r÷‡FVæBòÒ÷‡FVæBÓBãã"çFw¢"À¢&–çFVw&—G’#¢'6†S"ÔÄµ•S”„¥…Vt†ã•U&¦—R´Õv‡•U„‡7fgvÖ7U–Ó–E5T´³ô6§G%Wtd„Cƒ"öÔ5v'DÇ4v¤d–Ct—6öCG§%DUÓÒ"À¢&Æ–6Vç6R#¢$Ô•B"À¢&Væv–æW2#¢°¢&æöFR#¢#ãÓãB ¢Ð¢ÒÀ¢&æöFUöÖöGVÆW2÷¦öB#¢°¢'fW'6–öâ#¢#BãBã2"À¢'&W6öÇfVB#¢&‡GG3¢ò÷&Vv—7G'’æçÖ§2æ÷&r÷¦öBòÒ÷¦öBÓBãBã2çFw¢"À¢&–çFVw&—G’#¢'6†S"×—DTäf¤”¤fÃ%Wu–vÆFS&¦6…s$‡vÓDt¤dÄF•5…vEG$¥$”ã”f7—vãDF‡„¤V•tä¤Õcô'verö¶¶ssTF4„§•EÓÒ"À¢&Æ–6Vç6R#¢$Ô•B"À¢&gVæF–ær#¢°¢'W&Â#¢&‡GG3¢òöv—F‡V"æ6öÒ÷7öç6÷'2ö6öÆ–æ†6·2 ¢Ð¢ÒÀ¢&æöFUöÖöGVÆW2÷¦öB×FòÖ§6öâ×66†VÖ#¢°¢'fW'6–öâ#¢#2ã#Rã""À¢'&W6öÇfVB#¢&‡GG3¢ò÷&Vv—7G'’æçÖ§2æ÷&r÷¦öB×FòÖ§6öâ×66†VÖòÒ÷¦öB×FòÖ§6öâ×66†VÖÓ2ã#Rã"çFw¢"À¢&–çFVw&—G’#¢'6†S"ÔòõvfçC„µ4FU•46e$“Tw“6…c“ÔµdGU”ÅT…¤¤Ö”DgGeCÕ6åvöfÓ†Fä6Ó#Se¤æe¤”ÓtE7§U4Ôfæ¤„ÓÒ"À¢&Æ–6Vç6R#¢$•42"À¢'VW$FWVæFVæ6–W2#¢°¢'¦öB#¢%ã2ã#Rã#‚ÇÂãB ¢Ð¢Ð¢Ð§Ð